
Microsoft Visual Studio Solution File, Format Version 12.00
Project("{FAE04EC0-301F-11D3-BF4B-00C04F79EFBC}") = "MusicProgress", "MusicProgress\MusicProgress.csproj", "{182879C4-A081-47F8-9D2A-43655622B5AD}"
EndProject
Global
	GlobalSection(SolutionConfigurationPlatforms) = preSolution
		Debug|Any CPU = Debug|Any CPU
		Release|Any CPU = Release|Any CPU
	EndGlobalSection
	GlobalSection(ProjectConfigurationPlatforms) = postSolution
		{182879C4-A081-47F8-9D2A-43655622B5AD}.Debug|Any CPU.ActiveCfg = Debug|Any CPU
		{182879C4-A081-47F8-9D2A-43655622B5AD}.Debug|Any CPU.Build.0 = Debug|Any CPU
		{182879C4-A081-47F8-9D2A-43655622B5AD}.Release|Any CPU.ActiveCfg = Release|Any CPU
		{182879C4-A081-47F8-9D2A-43655622B5AD}.Release|Any CPU.Build.0 = Release|Any CPU
	EndGlobalSection
EndGlobal
